// !$*UTF8*$!
{
	archiveVersion = 1;
	classes = {
	};
	objectVersion = 50;
	objects = {

/* Begin PBXBuildFile section */
		89010F4226DD48F3007EB4B3 /* AppDelegate.swift in Sources */ = {isa = PBXBuildFile; fileRef = 89010F4126DD48F3007EB4B3 /* AppDelegate.swift */; };
		89010F4426DD48F3007EB4B3 /* SceneDelegate.swift in Sources */ = {isa = PBXBuildFile; fileRef = 89010F4326DD48F3007EB4B3 /* SceneDelegate.swift */; };
		89010F4926DD48F3007EB4B3 /* Main.storyboard in Resources */ = {isa = PBXBuildFile; fileRef = 89010F4726DD48F3007EB4B3 /* Main.storyboard */; };
		89010F4B26DD48F6007EB4B3 /* Assets.xcassets in Resources */ = {isa = PBXBuildFile; fileRef = 89010F4A26DD48F6007EB4B3 /* Assets.xcassets */; };
		89010F4E26DD48F6007EB4B3 /* LaunchScreen.storyboard in Resources */ = {isa = PBXBuildFile; fileRef = 89010F4C26DD48F6007EB4B3 /* LaunchScreen.storyboard */; };
		89010F5626DD4975007EB4B3 /* PhotosCollectionViewController.swift in Sources */ = {isa = PBXBuildFile; fileRef = 89010F5526DD4975007EB4B3 /* PhotosCollectionViewController.swift */; };
		89010F5826DD4D12007EB4B3 /* PhotoCell.swift in Sources */ = {isa = PBXBuildFile; fileRef = 89010F5726DD4D12007EB4B3 /* PhotoCell.swift */; };
		89415C0026DDE85300EBFACE /* PhotoViewController.swift in Sources */ = {isa = PBXBuildFile; fileRef = 89415BFF26DDE85300EBFACE /* PhotoViewController.swift */; };
/* End PBXBuildFile section */

/* Begin PBXFileReference section */
		89010F3E26DD48F3007EB4B3 /* PhotoTapps.app */ = {isa = PBXFileReference; explicitFileType = wrapper.application; includeInIndex = 0; path = PhotoTapps.app; sourceTree = BUILT_PRODUCTS_DIR; };
		89010F4126DD48F3007EB4B3 /* AppDelegate.swift */ = {isa = PBXFileReference; lastKnownFileType = sourcecode.swift; path = AppDelegate.swift; sourceTree = "<group>"; };
		89010F4326DD48F3007EB4B3 /* SceneDelegate.swift */ = {isa = PBXFileReference; lastKnownFileType = sourcecode.swift; path = SceneDelegate.swift; sourceTree = "<group>"; };
		89010F4826DD48F3007EB4B3 /* Base */ = {isa = PBXFileReference; lastKnownFileType = file.storyboard; name = Base; path = Base.lproj/Main.storyboard; sourceTree = "<group>"; };
		89010F4A26DD48F6007EB4B3 /* Assets.xcassets */ = {isa = PBXFileReference; lastKnownFileType = folder.assetcatalog; path = Assets.xcassets; sourceTree = "<group>"; };
		89010F4D26DD48F6007EB4B3 /* Base */ = {isa = PBXFileReference; lastKnownFileType = file.storyboard; name = Base; path = Base.lproj/LaunchScreen.storyboard; sourceTree = "<group>"; };
		89010F4F26DD48F6007EB4B3 /* Info.plist */ = {isa = PBXFileReference; lastKnownFileType = text.plist.xml; path = Info.plist; sourceTree = "<group>"; };
		89010F5526DD4975007EB4B3 /* PhotosCollectionViewController.swift */ = {isa = PBXFileReference; lastKnownFileType = sourcecode.swift; path = PhotosCollectionViewController.swift; sourceTree = "<group>"; };
		89010F5726DD4D12007EB4B3 /* PhotoCell.swift */ = {isa = PBXFileReference; lastKnownFileType = sourcecode.swift; path = PhotoCell.swift; sourceTree = "<group>"; };
		89415BFF26DDE85300EBFACE /* PhotoViewController.swift */ = {isa = PBXFileReference; lastKnownFileType = sourcecode.swift; path = PhotoViewController.swift; sourceTree = "<group>"; };
/* End PBXFileReference section */

/* Begin PBXFrameworksBuildPhase section */
		89010F3B26DD48F2007EB4B3 /* Frameworks */ = {
			isa = PBXFrameworksBuildPhase;
			buildActionMask = 2147483647;
			files = (
			);
			runOnlyForDeploymentPostprocessing = 0;
		};
/* End PBXFrameworksBuildPhase section */

/* Begin PBXGroup section */
		89010F3526DD48F2007EB4B3 = {
			isa = PBXGroup;
			children = (
				89010F4026DD48F3007EB4B3 /* PhotoTapps */,
				89010F3F26DD48F3007EB4B3 /* Products */,
			);
			sourceTree = "<group>";
		};
		89010F3F26DD48F3007EB4B3 /* Products */ = {
			isa = PBXGroup;
			children = (
				89010F3E26DD48F3007EB4B3 /* PhotoTapps.app */,
			);
			name = Products;
			sourceTree = "<group>";
		};
		89010F4026DD48F3007EB4B3 /* PhotoTapps */ = {
			isa = PBXGroup;
			children = (
				89010F4126DD48F3007EB4B3 /* AppDelegate.swift */,
				89010F4326DD48F3007EB4B3 /* SceneDelegate.swift */,
				89010F5526DD4975007EB4B3 /* PhotosCollectionViewController.swift */,
				89415BFF26DDE85300EBFACE /* PhotoViewController.swift */,
				89010F5726DD4D12007EB4B3 /* PhotoCell.swift */,
				89010F4726DD48F3007EB4B3 /* Main.storyboard */,
				89010F4A26DD48F6007EB4B3 /* Assets.xcassets */,
				89010F4C26DD48F6007EB4B3 /* LaunchScreen.storyboard */,
				89010F4F26DD48F6007EB4B3 /* Info.plist */,
			);
			path = PhotoTapps;
			sourceTree = "<group>";
		};
/* End PBXGroup section */

/* Begin PBXNativeTarget section */
		89010F3D26DD48F2007EB4B3 /* PhotoTapps */ = {
			isa = PBXNativeTarget;
			buildConfigurationList = 89010F5226DD48F6007EB4B3 /* Build configuration list for PBXNativeTarget "PhotoTapps" */;
			buildPhases = (
				89010F3A26DD48F2007EB4B3 /* Sources */,
				89010F3B26DD48F2007EB4B3 /* Frameworks */,
				89010F3C26DD48F2007EB4B3 /* Resources */,
			);
			buildRules = (
			);
			dependencies = (
			);
			name = PhotoTapps;
			productName = PhotoTapps;
			productReference = 89010F3E26DD48F3007EB4B3 /* PhotoTapps.app */;
			productType = "com.apple.product-type.application";
		};
/* End PBXNativeTarget section */

/* Begin PBXProject section */
		89010F3626DD48F2007EB4B3 /* Project object */ = {
			isa = PBXProject;
			attributes = {
				LastSwiftUpdateCheck = 1250;
				LastUpgradeCheck = 1250;
				TargetAttributes = {
					89010F3D26DD48F2007EB4B3 = {
						CreatedOnToolsVersion = 12.5.1;
					};
				};
			};
			buildConfigurationList = 89010F3926DD48F2007EB4B3 /* Build configuration list for PBXProject "PhotoTapps" */;
			compatibilityVersion = "Xcode 9.3";
			developmentRegion = en;
			hasScannedForEncodings = 0;
			knownRegions = (
				en,
				Base,
			);
			mainGroup = 89010F3526DD48F2007EB4B3;
			productRefGroup = 89010F3F26DD48F3007EB4B3 /* Products */;
			projectDirPath = "";
			projectRoot = "";
			targets = (
				89010F3D26DD48F2007EB4B3 /* PhotoTapps */,
			);
		};
/* End PBXProject section */

/* Begin PBXResourcesBuildPhase section */
		89010F3C26DD48F2007EB4B3 /* Resources */ = {
			isa = PBXResourcesBuildPhase;
			buildActionMask = 2147483647;
			files = (
				89010F4E26DD48F6007EB4B3 /* LaunchScreen.storyboard in Resources */,
				89010F4B26DD48F6007EB4B3 /* Assets.xcassets in Resources */,
				89010F4926DD48F3007EB4B3 /* Main.storyboard in Resources */,
			);
			runOnlyForDeploymentPostprocessing = 0;
		};
/* End PBXResourcesBuildPhase section */

/* Begin PBXSourcesBuildPhase section */
		89010F3A26DD48F2007EB4B3 /* Sources */ = {
			isa = PBXSourcesBuildPhase;
			buildActionMask = 2147483647;
			files = (
				89010F5826DD4D12007EB4B3 /* PhotoCell.swift in Sources */,
				89010F5626DD4975007EB4B3 /* PhotosCollectionViewController.swift in Sources */,
				89010F4226DD48F3007EB4B3 /* AppDelegate.swift in Sources */,
				89010F4426DD48F3007EB4B3 /* SceneDelegate.swift in Sources */,
				89415C0026DDE85300EBFACE /* PhotoViewController.swift in Sources */,
			);
			runOnlyForDeploymentPostprocessing = 0;
		};
/* End PBXSourcesBuildPhase section */

/* Begin PBXVariantGroup section */
		89010F4726DD48F3007EB4B3 /* Main.storyboard */ = {
			isa = PBXVariantGroup;
			children = (
				89010F4826DD48F3007EB4B3 /* Base */,
			);
			name = Main.storyboard;
			sourceTree = "<group>";
		};
		89010F4C26DD48F6007EB4B3 /* LaunchScreen.storyboard */ = {
			isa = PBXVariantGroup;
			children = (
				89010F4D26DD48F6007EB4B3 /* Base */,
			);
			name = LaunchScreen.storyboard;
			sourceTree = "<group>";
		};
/* End PBXVariantGroup section */

/* Begin XCBuildConfiguration section */
		89010F5026DD48F6007EB4B3 /* Debug */ = {
			isa = XCBuildConfiguration;
			buildSettings = {
				ALWAYS_SEARCH_USER_PATHS = NO;
				CLANG_ANALYZER_NONNULL = YES;
				CLANG_ANALYZER_NUMBER_OBJECT_CONVERSION = YES_AGGRESSIVE;
				CLANG_CXX_LANGUAGE_STANDARD = "gnu++14";
				CLANG_CXX_LIBRARY = "libc++";
				CLANG_ENABLE_MODULES = YES;
				CLANG_ENABLE_OBJC_ARC = YES;
				CLANG_ENABLE_OBJC_WEAK = YES;
				CLANG_WARN_BLOCK_CAPTURE_AUTORELEASING = YES;
				CLANG_WARN_BOOL_CONVERSION = YES;
				CLANG_WARN_COMMA = YES;
				CLANG_WARN_CONSTANT_CONVERSION = YES;
				CLANG_WARN_DEPRECATED_OBJC_IMPLEMENTATIONS = YES;
				CLANG_WARN_DIRECT_OBJC_ISA_USAGE = YES_ERROR;
				CLANG_WARN_DOCUMENTATION_COMMENTS = YES;
				CLANG_WARN_EMPTY_BODY = YES;
				CLANG_WARN_ENUM_CONVERSION = YES;
				CLANG_WARN_INFINITE_RECURSION = YES;
				CLANG_WARN_INT_CONVERSION = YES;
				CLANG_WARN_NON_LITERAL_NULL_CONVERSION = YES;
				CLANG_WARN_OBJC_IMPLICIT_RETAIN_SELF = YES;
				CLANG_WARN_OBJC_LITERAL_CONVERSION = YES;
				CLANG_WARN_OBJC_ROOT_CLASS = YES_ERROR;
				CLANG_WARN_QUOTED_INCLUDE_IN_FRAMEWORK_HEADER = YES;
				CLANG_WARN_RANGE_LOOP_ANALYSIS = YES;
				CLANG_WARN_STRICT_PROTOTYPES = YES;
				CLANG_WARN_SUSPICIOUS_MOVE = YES;
				CLANG_WARN_UNGUARDED_AVAILABILITY = YES_AGGRESSIVE;
				CLANG_WARN_UNREACHABLE_CODE = YES;
				CLANG_WARN__DUPLICATE_METHOD_MATCH = YES;
				COPY_PHASE_STRIP = NO;
				DEBUG_INFORMATION_FORMAT = dwarf;
				ENABLE_STRICT_OBJC_MSGSEND = YES;
				ENABLE_TESTABILITY = YES;
				GCC_C_LANGUAGE_STANDARD = gnu11;
				GCC_DYNAMIC_NO_PIC = NO;
				GCC_NO_COMMON_BLOCKS = YES;
				GCC_OPTIMIZATION_LEVEL = 0;
				GCC_PREPROCESSOR_DEFINITIONS = (
					"DEBUG=1",
					"$(inherited)",
				);
				GCC_WARN_64_TO_32_BIT_CONVERSION = YES;
				GCC_WARN_ABOUT_RETURN_TYPE = YES_ERROR;
				GCC_WARN_UNDECLARED_SELECTOR = YES;
				GCC_WARN_UNINITIALIZED_AUTOS = YES_AGGRESSIVE;
				GCC_WARN_UNUSED_FUNCTION = YES;
				GCC_WARN_UNUSED_VARIABLE = YES;
				IPHONEOS_DEPLOYMENT_TARGET = 14.5;
				MTL_ENABLE_DEBUG_INFO = INCLUDE_SOURCE;
				MTL_FAST_MATH = YES;
				ONLY_ACTIVE_ARCH = YES;
				SDKROOT = iphoneos;
				SWIFT_ACTIVE_COMPILATION_CONDITIONS = DEBUG;
				SWIFT_OPTIMIZATION_LEVEL = "-Onone";
			};
			name = Debug;
		};
		89010F5126DD48F6007EB4B3 /* Release */ = {
			isa = XCBuildConfiguration;
			buildSettings = {
				ALWAYS_SEARCH_USER_PATHS = NO;
				CLANG_ANALYZER_NONNULL = YES;
				CLANG_ANALYZER_NUMBER_OBJECT_CONVERSION = YES_AGGRESSIVE;
				CLANG_CXX_LANGUAGE_STANDARD = "gnu++14";
				CLANG_CXX_LIBRARY = "libc++";
				CLANG_ENABLE_MODULES = YES;
				CLANG_ENABLE_OBJC_ARC = YES;
				CLANG_ENABLE_OBJC_WEAK = YES;
				CLANG_WARN_BLOCK_CAPTURE_AUTORELEASING = YES;
				CLANG_WARN_BOOL_CONVERSION = YES;
				CLANG_WARN_COMMA = YES;
				CLANG_WARN_CONSTANT_CONVERSION = YES;
				CLANG_WARN_DEPRECATED_OBJC_IMPLEMENTATIONS = YES;
				CLANG_WARN_DIRECT_OBJC_ISA_USAGE = YES_ERROR;
				CLANG_WARN_DOCUMENTATION_COMMENTS = YES;
				CLANG_WARN_EMPTY_BODY = YES;
				CLANG_WARN_ENUM_CONVERSION = YES;
				CLANG_WARN_INFINITE_RECURSION = YES;
				CLANG_WARN_INT_CONVERSION = YES;
				CLANG_WARN_NON_LITERAL_NULL_CONVERSION = YES;
				CLANG_WARN_OBJC_IMPLICIT_RETAIN_SELF = YES;
				CLANG_WARN_OBJC_LITERAL_CONVERSION = YES;
				CLANG_WARN_OBJC_ROOT_CLASS = YES_ERROR;
				CLANG_WARN_QUOTED_INCLUDE_IN_FRAMEWORK_HEADER = YES;
				CLANG_WARN_RANGE_LOOP_ANALYSIS = YES;
				CLANG_WARN_STRICT_PROTOTYPES = YES;
				CLANG_WARN_SUSPICIOUS_MOVE = YES;
				CLANG_WARN_UNGUARDED_AVAILABILITY = YES_AGGRESSIVE;
				CLANG_WARN_UNREACHABLE_CODE = YES;
				CLANG_WARN__DUPLICATE_METHOD_MATCH = YES;
				COPY_PHASE_STRIP = NO;
				DEBUG_INFORMATION_FORMAT = "dwarf-with-dsym";
				ENABLE_NS_ASSERTIONS = NO;
				ENABLE_STRICT_OBJC_MSGSEND = YES;
				GCC_C_LANGUAGE_STANDARD = gnu11;
				GCC_NO_COMMON_BLOCKS = YES;
				GCC_WARN_64_TO_32_BIT_CONVERSION = YES;
				GCC_WARN_ABOUT_RETURN_TYPE = YES_ERROR;
				GCC_WARN_UNDECLARED_SELECTOR = YES;
				GCC_WARN_UNINITIALIZED_AUTOS = YES_AGGRESSIVE;
				GCC_WARN_UNUSED_FUNCTION = YES;
				GCC_WARN_UNUSED_VARIABLE = YES;
				IPHONEOS_DEPLOYMENT_TARGET = 14.5;
				MTL_ENABLE_DEBUG_INFO = NO;
				MTL_FAST_MATH = YES;
				SDKROOT = iphoneos;
				SWIFT_COMPILATION_MODE = wholemodule;
				SWIFT_OPTIMIZATION_LEVEL = "-O";
				VALIDATE_PRODUCT = YES;
			};
			name = Release;
		};
		89010F5326DD48F6007EB4B3 /* Debug */ = {
			isa = XCBuildConfiguration;
			buildSettings = {
				ASSETCATALOG_COMPILER_APPICON_NAME = AppIcon;
				ASSETCATALOG_COMPILER_GLOBAL_ACCENT_COLOR_NAME = AccentColor;
				CODE_SIGN_STYLE = Automatic;
				DEVELOPMENT_TEAM = 353WQ2ARJQ;
				INFOPLIST_FILE = PhotoTapps/Info.plist;
				LD_RUNPATH_SEARCH_PATHS = (
					"$(inherited)",
					"@executable_path/Frameworks",
				);
				PRODUCT_BUNDLE_IDENTIFIER = ru.firstprojectbb.PhotoTapps;
				PRODUCT_NAME = "$(TARGET_NAME)";
				SWIFT_VERSION = 5.0;
				TARGETED_DEVICE_FAMILY = "1,2";
			};
			name = Debug;
		};
		89010F5426DD48F6007EB4B3 /* Release */ = {
			isa = XCBuildConfiguration;
			buildSettings = {
				ASSETCATALOG_COMPILER_APPICON_NAME = AppIcon;
				ASSETCATALOG_COMPILER_GLOBAL_ACCENT_COLOR_NAME = AccentColor;
				CODE_SIGN_STYLE = Automatic;
				DEVELOPMENT_TEAM = 353WQ2ARJQ;
				INFOPLIST_FILE = PhotoTapps/Info.plist;
				LD_RUNPATH_SEARCH_PATHS = (
					"$(inherited)",
					"@executable_path/Frameworks",
				);
				PRODUCT_BUNDLE_IDENTIFIER = ru.firstprojectbb.PhotoTapps;
				PRODUCT_NAME = "$(TARGET_NAME)";
				SWIFT_VERSION = 5.0;
				TARGETED_DEVICE_FAMILY = "1,2";
			};
			name = Release;
		};
/* End XCBuildConfiguration section */

/* Begin XCConfigurationList section */
		89010F3926DD48F2007EB4B3 /* Build configuration list for PBXProject "PhotoTapps" */ = {
			isa = XCConfigurationList;
			buildConfigurations = (
				89010F5026DD48F6007EB4B3 /* Debug */,
				89010F5126DD48F6007EB4B3 /* Release */,
			);
			defaultConfigurationIsVisible = 0;
			defaultConfigurationName = Release;
		};
		89010F5226DD48F6007EB4B3 /* Build configuration list for PBXNativeTarget "PhotoTapps" */ = {
			isa = XCConfigurationList;
			buildConfigurations = (
				89010F5326DD48F6007EB4B3 /* Debug */,
				89010F5426DD48F6007EB4B3 /* Release */,
			);
			defaultConfigurationIsVisible = 0;
			defaultConfigurationName = Release;
		};
/* End XCConfigurationList section */
	};
	rootObject = 89010F3626DD48F2007EB4B3 /* Project object */;
}
